
Microsoft Visual Studio Solution File, Format Version 12.00
# Visual Studio Version 17
VisualStudioVersion = 17.13.35828.75 d17.13
MinimumVisualStudioVersion = 10.0.40219.1
Project("{FAE04EC0-301F-11D3-BF4B-00C04F79EFBC}") = "FileConverterApi", "FileConverterApi\FileConverterApi.csproj", "{229D372A-95E0-4C8E-BFA8-AC65E540FFA7}"
EndProject
Global
	GlobalSection(SolutionConfigurationPlatforms) = preSolution
		Debug|Any CPU = Debug|Any CPU
		Release|Any CPU = Release|Any CPU
	EndGlobalSection
	GlobalSection(ProjectConfigurationPlatforms) = postSolution
		{229D372A-95E0-4C8E-BFA8-AC65E540FFA7}.Debug|Any CPU.ActiveCfg = Debug|Any CPU
		{229D372A-95E0-4C8E-BFA8-AC65E540FFA7}.Debug|Any CPU.Build.0 = Debug|Any CPU
		{229D372A-95E0-4C8E-BFA8-AC65E540FFA7}.Release|Any CPU.ActiveCfg = Release|Any CPU
		{229D372A-95E0-4C8E-BFA8-AC65E540FFA7}.Release|Any CPU.Build.0 = Release|Any CPU
	EndGlobalSection
	GlobalSection(SolutionProperties) = preSolution
		HideSolutionNode = FALSE
	EndGlobalSection
	GlobalSection(ExtensibilityGlobals) = postSolution
		SolutionGuid = {7236EC75-442E-4A80-95CB-A58F0D921FA6}
	EndGlobalSection
EndGlobal
